
Microsoft Visual Studio Solution File, Format Version 12.00
# Visual Studio 2015
Project("{FAE04EC0-301F-11D3-BF4B-00C04F79EFBC}") = "Trumpocalypse.CSharp", "Trumpocalypse.CSharp.csproj", "{A7A54191-7261-0E99-3DE5-846F41D74F14}"
EndProject
Global
	GlobalSection(SolutionConfigurationPlatforms) = preSolution
		Debug|Any CPU = Debug|Any CPU
		Release|Any CPU = Release|Any CPU
	EndGlobalSection
	GlobalSection(ProjectConfigurationPlatforms) = postSolution
		{A7A54191-7261-0E99-3DE5-846F41D74F14}.Debug|Any CPU.ActiveCfg = Debug|Any CPU
		{A7A54191-7261-0E99-3DE5-846F41D74F14}.Debug|Any CPU.Build.0 = Debug|Any CPU
		{A7A54191-7261-0E99-3DE5-846F41D74F14}.Release|Any CPU.ActiveCfg = Release|Any CPU
		{A7A54191-7261-0E99-3DE5-846F41D74F14}.Release|Any CPU.Build.0 = Release|Any CPU
	EndGlobalSection
	GlobalSection(SolutionProperties) = preSolution
		HideSolutionNode = FALSE
	EndGlobalSection
EndGlobal
